
Microsoft Visual Studio Solution File, Format Version 12.00
# Visual Studio Version 16
VisualStudioVersion = 16.0.30717.126
MinimumVisualStudioVersion = 10.0.40219.1
Project("{8BC9CEB8-8B4A-11D0-8D11-00A0C91BC942}") = "AiSDLab3", "AiSDLab3\AiSDLab3.vcxproj", "{07B37080-8631-458E-A37D-1FABB34E9174}"
EndProject
Project("{8BC9CEB8-8B4A-11D0-8D11-00A0C91BC942}") = "AiSDLab3_UnitTests", "AiSDLab3_UnitTests\AiSDLab3_UnitTests.vcxproj", "{6F3703EE-C00F-4EB8-B704-689F6412446D}"
EndProject
Global
	GlobalSection(SolutionConfigurationPlatforms) = preSolution
		Debug|x64 = Debug|x64
		Debug|x86 = Debug|x86
		Release|x64 = Release|x64
		Release|x86 = Release|x86
	EndGlobalSection
	GlobalSection(ProjectConfigurationPlatforms) = postSolution
		{07B37080-8631-458E-A37D-1FABB34E9174}.Debug|x64.ActiveCfg = Debug|x64
		{07B37080-8631-458E-A37D-1FABB34E9174}.Debug|x64.Build.0 = Debug|x64
		{07B37080-8631-458E-A37D-1FABB34E9174}.Debug|x86.ActiveCfg = Debug|Win32
		{07B37080-8631-458E-A37D-1FABB34E9174}.Debug|x86.Build.0 = Debug|Win32
		{07B37080-8631-458E-A37D-1FABB34E9174}.Release|x64.ActiveCfg = Release|x64
		{07B37080-8631-458E-A37D-1FABB34E9174}.Release|x64.Build.0 = Release|x64
		{07B37080-8631-458E-A37D-1FABB34E9174}.Release|x86.ActiveCfg = Release|Win32
		{07B37080-8631-458E-A37D-1FABB34E9174}.Release|x86.Build.0 = Release|Win32
		{6F3703EE-C00F-4EB8-B704-689F6412446D}.Debug|x64.ActiveCfg = Debug|x64
		{6F3703EE-C00F-4EB8-B704-689F6412446D}.Debug|x64.Build.0 = Debug|x64
		{6F3703EE-C00F-4EB8-B704-689F6412446D}.Debug|x86.ActiveCfg = Debug|Win32
		{6F3703EE-C00F-4EB8-B704-689F6412446D}.Debug|x86.Build.0 = Debug|Win32
		{6F3703EE-C00F-4EB8-B704-689F6412446D}.Release|x64.ActiveCfg = Release|x64
		{6F3703EE-C00F-4EB8-B704-689F6412446D}.Release|x64.Build.0 = Release|x64
		{6F3703EE-C00F-4EB8-B704-689F6412446D}.Release|x86.ActiveCfg = Release|Win32
		{6F3703EE-C00F-4EB8-B704-689F6412446D}.Release|x86.Build.0 = Release|Win32
	EndGlobalSection
	GlobalSection(SolutionProperties) = preSolution
		HideSolutionNode = FALSE
	EndGlobalSection
	GlobalSection(ExtensibilityGlobals) = postSolution
		SolutionGuid = {700E0CD6-CA65-4CEF-A773-BCF67BEF0644}
	EndGlobalSection
EndGlobal
